
Microsoft Visual Studio Solution File, Format Version 12.00
# Visual Studio Version 17
VisualStudioVersion = 17.5.33530.505
MinimumVisualStudioVersion = 10.0.40219.1
Project("{FAE04EC0-301F-11D3-BF4B-00C04F79EFBC}") = "Agency_Web_App", "Agency_Web_App.csproj", "{71E21119-F429-405E-8E7D-5955FC79E0B6}"
EndProject
Global
	GlobalSection(SolutionConfigurationPlatforms) = preSolution
		Debug|Any CPU = Debug|Any CPU
		Release|Any CPU = Release|Any CPU
	EndGlobalSection
	GlobalSection(ProjectConfigurationPlatforms) = postSolution
		{71E21119-F429-405E-8E7D-5955FC79E0B6}.Debug|Any CPU.ActiveCfg = Debug|Any CPU
		{71E21119-F429-405E-8E7D-5955FC79E0B6}.Debug|Any CPU.Build.0 = Debug|Any CPU
		{71E21119-F429-405E-8E7D-5955FC79E0B6}.Release|Any CPU.ActiveCfg = Release|Any CPU
		{71E21119-F429-405E-8E7D-5955FC79E0B6}.Release|Any CPU.Build.0 = Release|Any CPU
	EndGlobalSection
	GlobalSection(SolutionProperties) = preSolution
		HideSolutionNode = FALSE
	EndGlobalSection
	GlobalSection(ExtensibilityGlobals) = postSolution
		SolutionGuid = {671BEF72-C13B-4BF7-9DF3-5F3E9FBBCDA1}
	EndGlobalSection
EndGlobal
